
Microsoft Visual Studio Solution File, Format Version 12.00
# Visual Studio Version 17
VisualStudioVersion = 17.2.32616.157
MinimumVisualStudioVersion = 10.0.40219.1
Project("{9A19103F-16F7-4668-BE54-9A1E7A4F7556}") = "ConvolutionalNeuralNetwork", "ConvolutionalNeuralNetwork\ConvolutionalNeuralNetwork.csproj", "{98261ECC-74CA-4B48-8821-E901D2E3FBDF}"
EndProject
Global
	GlobalSection(SolutionConfigurationPlatforms) = preSolution
		Debug|Any CPU = Debug|Any CPU
		Debug|x64 = Debug|x64
		Release|Any CPU = Release|Any CPU
		Release|x64 = Release|x64
	EndGlobalSection
	GlobalSection(ProjectConfigurationPlatforms) = postSolution
		{98261ECC-74CA-4B48-8821-E901D2E3FBDF}.Debug|Any CPU.ActiveCfg = Debug|Any CPU
		{98261ECC-74CA-4B48-8821-E901D2E3FBDF}.Debug|Any CPU.Build.0 = Debug|Any CPU
		{98261ECC-74CA-4B48-8821-E901D2E3FBDF}.Debug|x64.ActiveCfg = Debug|x64
		{98261ECC-74CA-4B48-8821-E901D2E3FBDF}.Debug|x64.Build.0 = Debug|x64
		{98261ECC-74CA-4B48-8821-E901D2E3FBDF}.Release|Any CPU.ActiveCfg = Release|Any CPU
		{98261ECC-74CA-4B48-8821-E901D2E3FBDF}.Release|Any CPU.Build.0 = Release|Any CPU
		{98261ECC-74CA-4B48-8821-E901D2E3FBDF}.Release|x64.ActiveCfg = Release|x64
		{98261ECC-74CA-4B48-8821-E901D2E3FBDF}.Release|x64.Build.0 = Release|x64
	EndGlobalSection
	GlobalSection(SolutionProperties) = preSolution
		HideSolutionNode = FALSE
	EndGlobalSection
	GlobalSection(ExtensibilityGlobals) = postSolution
		SolutionGuid = {088A6861-D7DE-47E7-B140-F6464A9A501A}
	EndGlobalSection
EndGlobal
