
Microsoft Visual Studio Solution File, Format Version 12.00
# Visual Studio Version 17
VisualStudioVersion = 17.2.32616.157
MinimumVisualStudioVersion = 10.0.40219.1
Project("{9A19103F-16F7-4668-BE54-9A1E7A4F7556}") = "RegressionNeuralNetwork", "RegressionNeuralNetwork\RegressionNeuralNetwork.csproj", "{35023289-6BC5-4EAC-8C19-A91112E5E84B}"
EndProject
Global
	GlobalSection(SolutionConfigurationPlatforms) = preSolution
		Debug|Any CPU = Debug|Any CPU
		Debug|x64 = Debug|x64
		Release|Any CPU = Release|Any CPU
		Release|x64 = Release|x64
	EndGlobalSection
	GlobalSection(ProjectConfigurationPlatforms) = postSolution
		{35023289-6BC5-4EAC-8C19-A91112E5E84B}.Debug|Any CPU.ActiveCfg = Debug|Any CPU
		{35023289-6BC5-4EAC-8C19-A91112E5E84B}.Debug|Any CPU.Build.0 = Debug|Any CPU
		{35023289-6BC5-4EAC-8C19-A91112E5E84B}.Debug|x64.ActiveCfg = Debug|x64
		{35023289-6BC5-4EAC-8C19-A91112E5E84B}.Debug|x64.Build.0 = Debug|x64
		{35023289-6BC5-4EAC-8C19-A91112E5E84B}.Release|Any CPU.ActiveCfg = Release|Any CPU
		{35023289-6BC5-4EAC-8C19-A91112E5E84B}.Release|Any CPU.Build.0 = Release|Any CPU
		{35023289-6BC5-4EAC-8C19-A91112E5E84B}.Release|x64.ActiveCfg = Release|x64
		{35023289-6BC5-4EAC-8C19-A91112E5E84B}.Release|x64.Build.0 = Release|x64
	EndGlobalSection
	GlobalSection(SolutionProperties) = preSolution
		HideSolutionNode = FALSE
	EndGlobalSection
	GlobalSection(ExtensibilityGlobals) = postSolution
		SolutionGuid = {F89E69CE-B116-46B1-B67D-4372683D2D3A}
	EndGlobalSection
EndGlobal
